
Microsoft Visual Studio Solution File, Format Version 12.00
# Visual Studio 2012
Project("{8BC9CEB8-8B4A-11D0-8D11-00A0C91BC942}") = "Programming Assignment 1", "Programming Assignment 1\Programming Assignment 1.vcxproj", "{4C655627-1E13-4063-B9CA-BE70862E9683}"
EndProject
Global
	GlobalSection(SolutionConfigurationPlatforms) = preSolution
		Debug|Win32 = Debug|Win32
		Release|Win32 = Release|Win32
	EndGlobalSection
	GlobalSection(ProjectConfigurationPlatforms) = postSolution
		{4C655627-1E13-4063-B9CA-BE70862E9683}.Debug|Win32.ActiveCfg = Debug|Win32
		{4C655627-1E13-4063-B9CA-BE70862E9683}.Debug|Win32.Build.0 = Debug|Win32
		{4C655627-1E13-4063-B9CA-BE70862E9683}.Release|Win32.ActiveCfg = Release|Win32
		{4C655627-1E13-4063-B9CA-BE70862E9683}.Release|Win32.Build.0 = Release|Win32
	EndGlobalSection
	GlobalSection(SolutionProperties) = preSolution
		HideSolutionNode = FALSE
	EndGlobalSection
EndGlobal
